{
  "name": "notion-deadline-reminder-bot",
  "version": "1.0.0",
  "lockfileVersion": 2,
  "requires": true,
  "packages": {
    "": {
      "name": "notion-deadline-reminder-bot",
      "version": "1.0.0",
      "license": "ISC",
      "dependencies": {
        "notion": "^0.0.1"
      }
    },
    "node_modules/notion": {
      "version": "0.0.1",
      "resolved": "https://registry.npmjs.org/notion/-/notion-0.0.1.tgz",
      "integrity": "sha512-toLdBzyDcp4Ijndc7rPWe1STMGZbCOQsG/TOw0iI1Wxq+9F9A1UP2TXo6Sjf8wKpU8wCwoEE6SoVBo9E/F1tXA==",
      "deprecated": "This package has changed ownership and version 0.x should no longer be used. It is deprecated and will change its purpose in v1.x"
    }
  },
  "dependencies": {
    "notion": {
      "version": "0.0.1",
      "resolved": "https://registry.npmjs.org/notion/-/notion-0.0.1.tgz",
      "integrity": "sha512-toLdBzyDcp4Ijndc7rPWe1STMGZbCOQsG/TOw0iI1Wxq+9F9A1UP2TXo6Sjf8wKpU8wCwoEE6SoVBo9E/F1tXA=="
    }
  }
}
